
Microsoft Visual Studio Solution File, Format Version 12.00
# Visual Studio Version 16
VisualStudioVersion = 16.0.30011.22
MinimumVisualStudioVersion = 10.0.40219.1
Project("{FAE04EC0-301F-11D3-BF4B-00C04F79EFBC}") = "Twisun.Common", "Twisun.Common\Twisun.Common.csproj", "{3FA4C9A2-A053-46FB-BB79-CFB406999598}"
EndProject
Project("{FAE04EC0-301F-11D3-BF4B-00C04F79EFBC}") = "Twisun.Web", "Twisun.Web\Twisun.Web.csproj", "{3D9B135D-68CB-47BE-9833-F9EFB3C099A4}"
EndProject
Project("{FAE04EC0-301F-11D3-BF4B-00C04F79EFBC}") = "Twisun.Prism", "Twisun.Prism\Twisun.Prism\Twisun.Prism.csproj", "{7BF44B54-B167-4D43-94ED-F7594BF929F0}"
EndProject
Project("{FAE04EC0-301F-11D3-BF4B-00C04F79EFBC}") = "Twisun.Prism.Android", "Twisun.Prism\Twisun.Prism.Android\Twisun.Prism.Android.csproj", "{FCAA531F-BFAD-4E8E-BF20-8AF023D4BBD7}"
EndProject
Project("{FAE04EC0-301F-11D3-BF4B-00C04F79EFBC}") = "Twisun.Prism.iOS", "Twisun.Prism\Twisun.Prism.iOS\Twisun.Prism.iOS.csproj", "{AF7508B5-EA79-4BB3-B181-7210723DC5D2}"
EndProject
Project("{FAE04EC0-301F-11D3-BF4B-00C04F79EFBC}") = "Twisun.Cross.Android", "Twisun.Cross.Android\Twisun.Cross.Android.csproj", "{906D92BD-934F-4368-8AAE-F41F0A3986E2}"
EndProject
Project("{FAE04EC0-301F-11D3-BF4B-00C04F79EFBC}") = "Twisun.Cross.iOS", "Twisun.Cross.iOS\Twisun.Cross.iOS.csproj", "{B3FBB68D-3F1B-404F-B9CD-BEBB956E685A}"
EndProject
Global
	GlobalSection(SolutionConfigurationPlatforms) = preSolution
		Ad-Hoc|Any CPU = Ad-Hoc|Any CPU
		Ad-Hoc|iPhone = Ad-Hoc|iPhone
		Ad-Hoc|iPhoneSimulator = Ad-Hoc|iPhoneSimulator
		AppStore|Any CPU = AppStore|Any CPU
		AppStore|iPhone = AppStore|iPhone
		AppStore|iPhoneSimulator = AppStore|iPhoneSimulator
		Debug|Any CPU = Debug|Any CPU
		Debug|iPhone = Debug|iPhone
		Debug|iPhoneSimulator = Debug|iPhoneSimulator
		Release|Any CPU = Release|Any CPU
		Release|iPhone = Release|iPhone
		Release|iPhoneSimulator = Release|iPhoneSimulator
	EndGlobalSection
	GlobalSection(ProjectConfigurationPlatforms) = postSolution
		{3FA4C9A2-A053-46FB-BB79-CFB406999598}.Ad-Hoc|Any CPU.ActiveCfg = Debug|Any CPU
		{3FA4C9A2-A053-46FB-BB79-CFB406999598}.Ad-Hoc|Any CPU.Build.0 = Debug|Any CPU
		{3FA4C9A2-A053-46FB-BB79-CFB406999598}.Ad-Hoc|iPhone.ActiveCfg = Debug|Any CPU
		{3FA4C9A2-A053-46FB-BB79-CFB406999598}.Ad-Hoc|iPhone.Build.0 = Debug|Any CPU
		{3FA4C9A2-A053-46FB-BB79-CFB406999598}.Ad-Hoc|iPhoneSimulator.ActiveCfg = Debug|Any CPU
		{3FA4C9A2-A053-46FB-BB79-CFB406999598}.Ad-Hoc|iPhoneSimulator.Build.0 = Debug|Any CPU
		{3FA4C9A2-A053-46FB-BB79-CFB406999598}.AppStore|Any CPU.ActiveCfg = Debug|Any CPU
		{3FA4C9A2-A053-46FB-BB79-CFB406999598}.AppStore|Any CPU.Build.0 = Debug|Any CPU
		{3FA4C9A2-A053-46FB-BB79-CFB406999598}.AppStore|iPhone.ActiveCfg = Debug|Any CPU
		{3FA4C9A2-A053-46FB-BB79-CFB406999598}.AppStore|iPhone.Build.0 = Debug|Any CPU
		{3FA4C9A2-A053-46FB-BB79-CFB406999598}.AppStore|iPhoneSimulator.ActiveCfg = Debug|Any CPU
		{3FA4C9A2-A053-46FB-BB79-CFB406999598}.AppStore|iPhoneSimulator.Build.0 = Debug|Any CPU
		{3FA4C9A2-A053-46FB-BB79-CFB406999598}.Debug|Any CPU.ActiveCfg = Debug|Any CPU
		{3FA4C9A2-A053-46FB-BB79-CFB406999598}.Debug|Any CPU.Build.0 = Debug|Any CPU
		{3FA4C9A2-A053-46FB-BB79-CFB406999598}.Debug|iPhone.ActiveCfg = Debug|Any CPU
		{3FA4C9A2-A053-46FB-BB79-CFB406999598}.Debug|iPhone.Build.0 = Debug|Any CPU
		{3FA4C9A2-A053-46FB-BB79-CFB406999598}.Debug|iPhoneSimulator.ActiveCfg = Debug|Any CPU
		{3FA4C9A2-A053-46FB-BB79-CFB406999598}.Debug|iPhoneSimulator.Build.0 = Debug|Any CPU
		{3FA4C9A2-A053-46FB-BB79-CFB406999598}.Release|Any CPU.ActiveCfg = Release|Any CPU
		{3FA4C9A2-A053-46FB-BB79-CFB406999598}.Release|Any CPU.Build.0 = Release|Any CPU
		{3FA4C9A2-A053-46FB-BB79-CFB406999598}.Release|iPhone.ActiveCfg = Release|Any CPU
		{3FA4C9A2-A053-46FB-BB79-CFB406999598}.Release|iPhone.Build.0 = Release|Any CPU
		{3FA4C9A2-A053-46FB-BB79-CFB406999598}.Release|iPhoneSimulator.ActiveCfg = Release|Any CPU
		{3FA4C9A2-A053-46FB-BB79-CFB406999598}.Release|iPhoneSimulator.Build.0 = Release|Any CPU
		{3D9B135D-68CB-47BE-9833-F9EFB3C099A4}.Ad-Hoc|Any CPU.ActiveCfg = Debug|Any CPU
		{3D9B135D-68CB-47BE-9833-F9EFB3C099A4}.Ad-Hoc|Any CPU.Build.0 = Debug|Any CPU
		{3D9B135D-68CB-47BE-9833-F9EFB3C099A4}.Ad-Hoc|iPhone.ActiveCfg = Debug|Any CPU
		{3D9B135D-68CB-47BE-9833-F9EFB3C099A4}.Ad-Hoc|iPhone.Build.0 = Debug|Any CPU
		{3D9B135D-68CB-47BE-9833-F9EFB3C099A4}.Ad-Hoc|iPhoneSimulator.ActiveCfg = Debug|Any CPU
		{3D9B135D-68CB-47BE-9833-F9EFB3C099A4}.Ad-Hoc|iPhoneSimulator.Build.0 = Debug|Any CPU
		{3D9B135D-68CB-47BE-9833-F9EFB3C099A4}.AppStore|Any CPU.ActiveCfg = Debug|Any CPU
		{3D9B135D-68CB-47BE-9833-F9EFB3C099A4}.AppStore|Any CPU.Build.0 = Debug|Any CPU
		{3D9B135D-68CB-47BE-9833-F9EFB3C099A4}.AppStore|iPhone.ActiveCfg = Debug|Any CPU
		{3D9B135D-68CB-47BE-9833-F9EFB3C099A4}.AppStore|iPhone.Build.0 = Debug|Any CPU
		{3D9B135D-68CB-47BE-9833-F9EFB3C099A4}.AppStore|iPhoneSimulator.ActiveCfg = Debug|Any CPU
		{3D9B135D-68CB-47BE-9833-F9EFB3C099A4}.AppStore|iPhoneSimulator.Build.0 = Debug|Any CPU
		{3D9B135D-68CB-47BE-9833-F9EFB3C099A4}.Debug|Any CPU.ActiveCfg = Debug|Any CPU
		{3D9B135D-68CB-47BE-9833-F9EFB3C099A4}.Debug|Any CPU.Build.0 = Debug|Any CPU
		{3D9B135D-68CB-47BE-9833-F9EFB3C099A4}.Debug|iPhone.ActiveCfg = Debug|Any CPU
		{3D9B135D-68CB-47BE-9833-F9EFB3C099A4}.Debug|iPhone.Build.0 = Debug|Any CPU
		{3D9B135D-68CB-47BE-9833-F9EFB3C099A4}.Debug|iPhoneSimulator.ActiveCfg = Debug|Any CPU
		{3D9B135D-68CB-47BE-9833-F9EFB3C099A4}.Debug|iPhoneSimulator.Build.0 = Debug|Any CPU
		{3D9B135D-68CB-47BE-9833-F9EFB3C099A4}.Release|Any CPU.ActiveCfg = Release|Any CPU
		{3D9B135D-68CB-47BE-9833-F9EFB3C099A4}.Release|Any CPU.Build.0 = Release|Any CPU
		{3D9B135D-68CB-47BE-9833-F9EFB3C099A4}.Release|iPhone.ActiveCfg = Release|Any CPU
		{3D9B135D-68CB-47BE-9833-F9EFB3C099A4}.Release|iPhone.Build.0 = Release|Any CPU
		{3D9B135D-68CB-47BE-9833-F9EFB3C099A4}.Release|iPhoneSimulator.ActiveCfg = Release|Any CPU
		{3D9B135D-68CB-47BE-9833-F9EFB3C099A4}.Release|iPhoneSimulator.Build.0 = Release|Any CPU
		{7BF44B54-B167-4D43-94ED-F7594BF929F0}.Ad-Hoc|Any CPU.ActiveCfg = Debug|Any CPU
		{7BF44B54-B167-4D43-94ED-F7594BF929F0}.Ad-Hoc|Any CPU.Build.0 = Debug|Any CPU
		{7BF44B54-B167-4D43-94ED-F7594BF929F0}.Ad-Hoc|iPhone.ActiveCfg = Debug|Any CPU
		{7BF44B54-B167-4D43-94ED-F7594BF929F0}.Ad-Hoc|iPhone.Build.0 = Debug|Any CPU
		{7BF44B54-B167-4D43-94ED-F7594BF929F0}.Ad-Hoc|iPhoneSimulator.ActiveCfg = Debug|Any CPU
		{7BF44B54-B167-4D43-94ED-F7594BF929F0}.Ad-Hoc|iPhoneSimulator.Build.0 = Debug|Any CPU
		{7BF44B54-B167-4D43-94ED-F7594BF929F0}.AppStore|Any CPU.ActiveCfg = Debug|Any CPU
		{7BF44B54-B167-4D43-94ED-F7594BF929F0}.AppStore|Any CPU.Build.0 = Debug|Any CPU
		{7BF44B54-B167-4D43-94ED-F7594BF929F0}.AppStore|iPhone.ActiveCfg = Debug|Any CPU
		{7BF44B54-B167-4D43-94ED-F7594BF929F0}.AppStore|iPhone.Build.0 = Debug|Any CPU
		{7BF44B54-B167-4D43-94ED-F7594BF929F0}.AppStore|iPhoneSimulator.ActiveCfg = Debug|Any CPU
		{7BF44B54-B167-4D43-94ED-F7594BF929F0}.AppStore|iPhoneSimulator.Build.0 = Debug|Any CPU
		{7BF44B54-B167-4D43-94ED-F7594BF929F0}.Debug|Any CPU.ActiveCfg = Debug|Any CPU
		{7BF44B54-B167-4D43-94ED-F7594BF929F0}.Debug|Any CPU.Build.0 = Debug|Any CPU
		{7BF44B54-B167-4D43-94ED-F7594BF929F0}.Debug|iPhone.ActiveCfg = Debug|Any CPU
		{7BF44B54-B167-4D43-94ED-F7594BF929F0}.Debug|iPhone.Build.0 = Debug|Any CPU
		{7BF44B54-B167-4D43-94ED-F7594BF929F0}.Debug|iPhoneSimulator.ActiveCfg = Debug|Any CPU
		{7BF44B54-B167-4D43-94ED-F7594BF929F0}.Debug|iPhoneSimulator.Build.0 = Debug|Any CPU
		{7BF44B54-B167-4D43-94ED-F7594BF929F0}.Release|Any CPU.ActiveCfg = Release|Any CPU
		{7BF44B54-B167-4D43-94ED-F7594BF929F0}.Release|Any CPU.Build.0 = Release|Any CPU
		{7BF44B54-B167-4D43-94ED-F7594BF929F0}.Release|iPhone.ActiveCfg = Release|Any CPU
		{7BF44B54-B167-4D43-94ED-F7594BF929F0}.Release|iPhone.Build.0 = Release|Any CPU
		{7BF44B54-B167-4D43-94ED-F7594BF929F0}.Release|iPhoneSimulator.ActiveCfg = Release|Any CPU
		{7BF44B54-B167-4D43-94ED-F7594BF929F0}.Release|iPhoneSimulator.Build.0 = Release|Any CPU
		{FCAA531F-BFAD-4E8E-BF20-8AF023D4BBD7}.Ad-Hoc|Any CPU.ActiveCfg = Release|Any CPU
		{FCAA531F-BFAD-4E8E-BF20-8AF023D4BBD7}.Ad-Hoc|Any CPU.Build.0 = Release|Any CPU
		{FCAA531F-BFAD-4E8E-BF20-8AF023D4BBD7}.Ad-Hoc|Any CPU.Deploy.0 = Release|Any CPU
		{FCAA531F-BFAD-4E8E-BF20-8AF023D4BBD7}.Ad-Hoc|iPhone.ActiveCfg = Release|Any CPU
		{FCAA531F-BFAD-4E8E-BF20-8AF023D4BBD7}.Ad-Hoc|iPhone.Build.0 = Release|Any CPU
		{FCAA531F-BFAD-4E8E-BF20-8AF023D4BBD7}.Ad-Hoc|iPhone.Deploy.0 = Release|Any CPU
		{FCAA531F-BFAD-4E8E-BF20-8AF023D4BBD7}.Ad-Hoc|iPhoneSimulator.ActiveCfg = Release|Any CPU
		{FCAA531F-BFAD-4E8E-BF20-8AF023D4BBD7}.Ad-Hoc|iPhoneSimulator.Build.0 = Release|Any CPU
		{FCAA531F-BFAD-4E8E-BF20-8AF023D4BBD7}.Ad-Hoc|iPhoneSimulator.Deploy.0 = Release|Any CPU
		{FCAA531F-BFAD-4E8E-BF20-8AF023D4BBD7}.AppStore|Any CPU.ActiveCfg = Release|Any CPU
		{FCAA531F-BFAD-4E8E-BF20-8AF023D4BBD7}.AppStore|Any CPU.Build.0 = Release|Any CPU
		{FCAA531F-BFAD-4E8E-BF20-8AF023D4BBD7}.AppStore|Any CPU.Deploy.0 = Release|Any CPU
		{FCAA531F-BFAD-4E8E-BF20-8AF023D4BBD7}.AppStore|iPhone.ActiveCfg = Release|Any CPU
		{FCAA531F-BFAD-4E8E-BF20-8AF023D4BBD7}.AppStore|iPhone.Build.0 = Release|Any CPU
		{FCAA531F-BFAD-4E8E-BF20-8AF023D4BBD7}.AppStore|iPhone.Deploy.0 = Release|Any CPU
		{FCAA531F-BFAD-4E8E-BF20-8AF023D4BBD7}.AppStore|iPhoneSimulator.ActiveCfg = Release|Any CPU
		{FCAA531F-BFAD-4E8E-BF20-8AF023D4BBD7}.AppStore|iPhoneSimulator.Build.0 = Release|Any CPU
		{FCAA531F-BFAD-4E8E-BF20-8AF023D4BBD7}.AppStore|iPhoneSimulator.Deploy.0 = Release|Any CPU
		{FCAA531F-BFAD-4E8E-BF20-8AF023D4BBD7}.Debug|Any CPU.ActiveCfg = Debug|Any CPU
		{FCAA531F-BFAD-4E8E-BF20-8AF023D4BBD7}.Debug|Any CPU.Build.0 = Debug|Any CPU
		{FCAA531F-BFAD-4E8E-BF20-8AF023D4BBD7}.Debug|Any CPU.Deploy.0 = Debug|Any CPU
		{FCAA531F-BFAD-4E8E-BF20-8AF023D4BBD7}.Debug|iPhone.ActiveCfg = Debug|Any CPU
		{FCAA531F-BFAD-4E8E-BF20-8AF023D4BBD7}.Debug|iPhone.Build.0 = Debug|Any CPU
		{FCAA531F-BFAD-4E8E-BF20-8AF023D4BBD7}.Debug|iPhone.Deploy.0 = Debug|Any CPU
		{FCAA531F-BFAD-4E8E-BF20-8AF023D4BBD7}.Debug|iPhoneSimulator.ActiveCfg = Debug|Any CPU
		{FCAA531F-BFAD-4E8E-BF20-8AF023D4BBD7}.Debug|iPhoneSimulator.Build.0 = Debug|Any CPU
		{FCAA531F-BFAD-4E8E-BF20-8AF023D4BBD7}.Debug|iPhoneSimulator.Deploy.0 = Debug|Any CPU
		{FCAA531F-BFAD-4E8E-BF20-8AF023D4BBD7}.Release|Any CPU.ActiveCfg = Release|Any CPU
		{FCAA531F-BFAD-4E8E-BF20-8AF023D4BBD7}.Release|Any CPU.Build.0 = Release|Any CPU
		{FCAA531F-BFAD-4E8E-BF20-8AF023D4BBD7}.Release|Any CPU.Deploy.0 = Release|Any CPU
		{FCAA531F-BFAD-4E8E-BF20-8AF023D4BBD7}.Release|iPhone.ActiveCfg = Release|Any CPU
		{FCAA531F-BFAD-4E8E-BF20-8AF023D4BBD7}.Release|iPhone.Build.0 = Release|Any CPU
		{FCAA531F-BFAD-4E8E-BF20-8AF023D4BBD7}.Release|iPhone.Deploy.0 = Release|Any CPU
		{FCAA531F-BFAD-4E8E-BF20-8AF023D4BBD7}.Release|iPhoneSimulator.ActiveCfg = Release|Any CPU
		{FCAA531F-BFAD-4E8E-BF20-8AF023D4BBD7}.Release|iPhoneSimulator.Build.0 = Release|Any CPU
		{FCAA531F-BFAD-4E8E-BF20-8AF023D4BBD7}.Release|iPhoneSimulator.Deploy.0 = Release|Any CPU
		{AF7508B5-EA79-4BB3-B181-7210723DC5D2}.Ad-Hoc|Any CPU.ActiveCfg = Ad-Hoc|iPhone
		{AF7508B5-EA79-4BB3-B181-7210723DC5D2}.Ad-Hoc|iPhone.ActiveCfg = Ad-Hoc|iPhone
		{AF7508B5-EA79-4BB3-B181-7210723DC5D2}.Ad-Hoc|iPhone.Build.0 = Ad-Hoc|iPhone
		{AF7508B5-EA79-4BB3-B181-7210723DC5D2}.Ad-Hoc|iPhoneSimulator.ActiveCfg = Ad-Hoc|iPhoneSimulator
		{AF7508B5-EA79-4BB3-B181-7210723DC5D2}.Ad-Hoc|iPhoneSimulator.Build.0 = Ad-Hoc|iPhoneSimulator
		{AF7508B5-EA79-4BB3-B181-7210723DC5D2}.AppStore|Any CPU.ActiveCfg = AppStore|iPhone
		{AF7508B5-EA79-4BB3-B181-7210723DC5D2}.AppStore|iPhone.ActiveCfg = AppStore|iPhone
		{AF7508B5-EA79-4BB3-B181-7210723DC5D2}.AppStore|iPhone.Build.0 = AppStore|iPhone
		{AF7508B5-EA79-4BB3-B181-7210723DC5D2}.AppStore|iPhoneSimulator.ActiveCfg = AppStore|iPhoneSimulator
		{AF7508B5-EA79-4BB3-B181-7210723DC5D2}.AppStore|iPhoneSimulator.Build.0 = AppStore|iPhoneSimulator
		{AF7508B5-EA79-4BB3-B181-7210723DC5D2}.Debug|Any CPU.ActiveCfg = Debug|iPhone
		{AF7508B5-EA79-4BB3-B181-7210723DC5D2}.Debug|iPhone.ActiveCfg = Debug|iPhone
		{AF7508B5-EA79-4BB3-B181-7210723DC5D2}.Debug|iPhone.Build.0 = Debug|iPhone
		{AF7508B5-EA79-4BB3-B181-7210723DC5D2}.Debug|iPhoneSimulator.ActiveCfg = Debug|iPhoneSimulator
		{AF7508B5-EA79-4BB3-B181-7210723DC5D2}.Debug|iPhoneSimulator.Build.0 = Debug|iPhoneSimulator
		{AF7508B5-EA79-4BB3-B181-7210723DC5D2}.Release|Any CPU.ActiveCfg = Release|iPhone
		{AF7508B5-EA79-4BB3-B181-7210723DC5D2}.Release|iPhone.ActiveCfg = Release|iPhone
		{AF7508B5-EA79-4BB3-B181-7210723DC5D2}.Release|iPhone.Build.0 = Release|iPhone
		{AF7508B5-EA79-4BB3-B181-7210723DC5D2}.Release|iPhoneSimulator.ActiveCfg = Release|iPhoneSimulator
		{AF7508B5-EA79-4BB3-B181-7210723DC5D2}.Release|iPhoneSimulator.Build.0 = Release|iPhoneSimulator
		{906D92BD-934F-4368-8AAE-F41F0A3986E2}.Ad-Hoc|Any CPU.ActiveCfg = Release|Any CPU
		{906D92BD-934F-4368-8AAE-F41F0A3986E2}.Ad-Hoc|Any CPU.Build.0 = Release|Any CPU
		{906D92BD-934F-4368-8AAE-F41F0A3986E2}.Ad-Hoc|Any CPU.Deploy.0 = Release|Any CPU
		{906D92BD-934F-4368-8AAE-F41F0A3986E2}.Ad-Hoc|iPhone.ActiveCfg = Release|Any CPU
		{906D92BD-934F-4368-8AAE-F41F0A3986E2}.Ad-Hoc|iPhone.Build.0 = Release|Any CPU
		{906D92BD-934F-4368-8AAE-F41F0A3986E2}.Ad-Hoc|iPhone.Deploy.0 = Release|Any CPU
		{906D92BD-934F-4368-8AAE-F41F0A3986E2}.Ad-Hoc|iPhoneSimulator.ActiveCfg = Release|Any CPU
		{906D92BD-934F-4368-8AAE-F41F0A3986E2}.Ad-Hoc|iPhoneSimulator.Build.0 = Release|Any CPU
		{906D92BD-934F-4368-8AAE-F41F0A3986E2}.Ad-Hoc|iPhoneSimulator.Deploy.0 = Release|Any CPU
		{906D92BD-934F-4368-8AAE-F41F0A3986E2}.AppStore|Any CPU.ActiveCfg = Release|Any CPU
		{906D92BD-934F-4368-8AAE-F41F0A3986E2}.AppStore|Any CPU.Build.0 = Release|Any CPU
		{906D92BD-934F-4368-8AAE-F41F0A3986E2}.AppStore|Any CPU.Deploy.0 = Release|Any CPU
		{906D92BD-934F-4368-8AAE-F41F0A3986E2}.AppStore|iPhone.ActiveCfg = Release|Any CPU
		{906D92BD-934F-4368-8AAE-F41F0A3986E2}.AppStore|iPhone.Build.0 = Release|Any CPU
		{906D92BD-934F-4368-8AAE-F41F0A3986E2}.AppStore|iPhone.Deploy.0 = Release|Any CPU
		{906D92BD-934F-4368-8AAE-F41F0A3986E2}.AppStore|iPhoneSimulator.ActiveCfg = Release|Any CPU
		{906D92BD-934F-4368-8AAE-F41F0A3986E2}.AppStore|iPhoneSimulator.Build.0 = Release|Any CPU
		{906D92BD-934F-4368-8AAE-F41F0A3986E2}.AppStore|iPhoneSimulator.Deploy.0 = Release|Any CPU
		{906D92BD-934F-4368-8AAE-F41F0A3986E2}.Debug|Any CPU.ActiveCfg = Debug|Any CPU
		{906D92BD-934F-4368-8AAE-F41F0A3986E2}.Debug|Any CPU.Build.0 = Debug|Any CPU
		{906D92BD-934F-4368-8AAE-F41F0A3986E2}.Debug|Any CPU.Deploy.0 = Debug|Any CPU
		{906D92BD-934F-4368-8AAE-F41F0A3986E2}.Debug|iPhone.ActiveCfg = Debug|Any CPU
		{906D92BD-934F-4368-8AAE-F41F0A3986E2}.Debug|iPhone.Build.0 = Debug|Any CPU
		{906D92BD-934F-4368-8AAE-F41F0A3986E2}.Debug|iPhone.Deploy.0 = Debug|Any CPU
		{906D92BD-934F-4368-8AAE-F41F0A3986E2}.Debug|iPhoneSimulator.ActiveCfg = Debug|Any CPU
		{906D92BD-934F-4368-8AAE-F41F0A3986E2}.Debug|iPhoneSimulator.Build.0 = Debug|Any CPU
		{906D92BD-934F-4368-8AAE-F41F0A3986E2}.Debug|iPhoneSimulator.Deploy.0 = Debug|Any CPU
		{906D92BD-934F-4368-8AAE-F41F0A3986E2}.Release|Any CPU.ActiveCfg = Release|Any CPU
		{906D92BD-934F-4368-8AAE-F41F0A3986E2}.Release|Any CPU.Build.0 = Release|Any CPU
		{906D92BD-934F-4368-8AAE-F41F0A3986E2}.Release|Any CPU.Deploy.0 = Release|Any CPU
		{906D92BD-934F-4368-8AAE-F41F0A3986E2}.Release|iPhone.ActiveCfg = Release|Any CPU
		{906D92BD-934F-4368-8AAE-F41F0A3986E2}.Release|iPhone.Build.0 = Release|Any CPU
		{906D92BD-934F-4368-8AAE-F41F0A3986E2}.Release|iPhone.Deploy.0 = Release|Any CPU
		{906D92BD-934F-4368-8AAE-F41F0A3986E2}.Release|iPhoneSimulator.ActiveCfg = Release|Any CPU
		{906D92BD-934F-4368-8AAE-F41F0A3986E2}.Release|iPhoneSimulator.Build.0 = Release|Any CPU
		{906D92BD-934F-4368-8AAE-F41F0A3986E2}.Release|iPhoneSimulator.Deploy.0 = Release|Any CPU
		{B3FBB68D-3F1B-404F-B9CD-BEBB956E685A}.Ad-Hoc|Any CPU.ActiveCfg = Release|iPhone
		{B3FBB68D-3F1B-404F-B9CD-BEBB956E685A}.Ad-Hoc|Any CPU.Build.0 = Release|iPhone
		{B3FBB68D-3F1B-404F-B9CD-BEBB956E685A}.Ad-Hoc|iPhone.ActiveCfg = Release|iPhone
		{B3FBB68D-3F1B-404F-B9CD-BEBB956E685A}.Ad-Hoc|iPhone.Build.0 = Release|iPhone
		{B3FBB68D-3F1B-404F-B9CD-BEBB956E685A}.Ad-Hoc|iPhoneSimulator.ActiveCfg = Release|iPhoneSimulator
		{B3FBB68D-3F1B-404F-B9CD-BEBB956E685A}.Ad-Hoc|iPhoneSimulator.Build.0 = Release|iPhoneSimulator
		{B3FBB68D-3F1B-404F-B9CD-BEBB956E685A}.AppStore|Any CPU.ActiveCfg = Release|iPhone
		{B3FBB68D-3F1B-404F-B9CD-BEBB956E685A}.AppStore|Any CPU.Build.0 = Release|iPhone
		{B3FBB68D-3F1B-404F-B9CD-BEBB956E685A}.AppStore|iPhone.ActiveCfg = Release|iPhone
		{B3FBB68D-3F1B-404F-B9CD-BEBB956E685A}.AppStore|iPhone.Build.0 = Release|iPhone
		{B3FBB68D-3F1B-404F-B9CD-BEBB956E685A}.AppStore|iPhoneSimulator.ActiveCfg = Release|iPhoneSimulator
		{B3FBB68D-3F1B-404F-B9CD-BEBB956E685A}.AppStore|iPhoneSimulator.Build.0 = Release|iPhoneSimulator
		{B3FBB68D-3F1B-404F-B9CD-BEBB956E685A}.Debug|Any CPU.ActiveCfg = Debug|iPhone
		{B3FBB68D-3F1B-404F-B9CD-BEBB956E685A}.Debug|iPhone.ActiveCfg = Debug|iPhone
		{B3FBB68D-3F1B-404F-B9CD-BEBB956E685A}.Debug|iPhone.Build.0 = Debug|iPhone
		{B3FBB68D-3F1B-404F-B9CD-BEBB956E685A}.Debug|iPhoneSimulator.ActiveCfg = Debug|iPhoneSimulator
		{B3FBB68D-3F1B-404F-B9CD-BEBB956E685A}.Debug|iPhoneSimulator.Build.0 = Debug|iPhoneSimulator
		{B3FBB68D-3F1B-404F-B9CD-BEBB956E685A}.Release|Any CPU.ActiveCfg = Release|iPhone
		{B3FBB68D-3F1B-404F-B9CD-BEBB956E685A}.Release|iPhone.ActiveCfg = Release|iPhone
		{B3FBB68D-3F1B-404F-B9CD-BEBB956E685A}.Release|iPhone.Build.0 = Release|iPhone
		{B3FBB68D-3F1B-404F-B9CD-BEBB956E685A}.Release|iPhoneSimulator.ActiveCfg = Release|iPhoneSimulator
		{B3FBB68D-3F1B-404F-B9CD-BEBB956E685A}.Release|iPhoneSimulator.Build.0 = Release|iPhoneSimulator
	EndGlobalSection
	GlobalSection(SolutionProperties) = preSolution
		HideSolutionNode = FALSE
	EndGlobalSection
	GlobalSection(ExtensibilityGlobals) = postSolution
		SolutionGuid = {99B5A8B2-9B15-408C-BC12-A7CC1970DBAA}
	EndGlobalSection
EndGlobal
